
Microsoft Visual Studio Solution File, Format Version 12.00
# Visual Studio 15
VisualStudioVersion = 15.0.28010.2026
MinimumVisualStudioVersion = 10.0.40219.1
Project("{FAE04EC0-301F-11D3-BF4B-00C04F79EFBC}") = "信鸽", "信鸽\信鸽.csproj", "{F0C49D3C-4A1F-4366-9E5A-327F488F1AAC}"
	ProjectSection(ProjectDependencies) = postProject
		{30C6A1B5-F360-405D-AD5E-9698EC99862E} = {30C6A1B5-F360-405D-AD5E-9698EC99862E}
	EndProjectSection
EndProject
Project("{FAE04EC0-301F-11D3-BF4B-00C04F79EFBC}") = "MainFormUpForm", "MainFormUpForm\MainFormUpForm.csproj", "{30C6A1B5-F360-405D-AD5E-9698EC99862E}"
EndProject
Project("{FAE04EC0-301F-11D3-BF4B-00C04F79EFBC}") = "MainFormDownForm", "MainFormDownForm\MainFormDownForm.csproj", "{E5A705FA-55BF-405B-A3FF-56ECEA295DFF}"
EndProject
Project("{FAE04EC0-301F-11D3-BF4B-00C04F79EFBC}") = "GroupShowForm", "GroupShowForm\GroupShowForm.csproj", "{690EEF8E-3646-4A0E-96DA-5782361C4BCF}"
EndProject
Project("{FAE04EC0-301F-11D3-BF4B-00C04F79EFBC}") = "ConnectTabForm", "ConnectTabForm\ConnectTabForm.csproj", "{F47B3E4F-DA46-43B2-A50C-63EC9BDA60DA}"
EndProject
Project("{FAE04EC0-301F-11D3-BF4B-00C04F79EFBC}") = "MessageForm", "MessageForm\MessageForm.csproj", "{C60504CA-2EE4-4004-92E0-75A0A057EBB6}"
EndProject
Project("{FAE04EC0-301F-11D3-BF4B-00C04F79EFBC}") = "GroupShowEasyForm", "GroupShowEasyForm\GroupShowEasyForm.csproj", "{8EB683C9-C0B3-4368-A848-8CDCC9BD8FCB}"
EndProject
Project("{FAE04EC0-301F-11D3-BF4B-00C04F79EFBC}") = "MessageBirdCommon", "MessageBirdCommon\MessageBirdCommon.csproj", "{C5193414-B1AD-437D-81B2-11A1D98974AD}"
EndProject
Project("{FAE04EC0-301F-11D3-BF4B-00C04F79EFBC}") = "GroupOppositeEasyInformation", "GroupOppositeEasyInformation\GroupOppositeEasyInformation.csproj", "{A4DD19FF-5D31-4DD3-B1C6-0596B294C666}"
EndProject
Project("{FAE04EC0-301F-11D3-BF4B-00C04F79EFBC}") = "MessageBirdCommonClass", "CommonInformationClass\MessageBirdCommonClass.csproj", "{9409C49C-3C08-4FE3-96AE-1D18858D093B}"
EndProject
Project("{FAE04EC0-301F-11D3-BF4B-00C04F79EFBC}") = "ShowSearchForm", "ShowSearchForm\ShowSearchForm.csproj", "{C82ACB7F-3D1E-498B-AB9B-A21896B6DCC6}"
EndProject
Project("{FAE04EC0-301F-11D3-BF4B-00C04F79EFBC}") = "SpacerForm", "SpacerForm\SpacerForm.csproj", "{06703813-69A4-40A3-8E07-B97943D8EAF0}"
EndProject
Project("{FAE04EC0-301F-11D3-BF4B-00C04F79EFBC}") = "ShowNews", "ShowNews\ShowNews.csproj", "{456D0ACB-96F3-4FAA-9BDF-BA793629A864}"
EndProject
Project("{FAE04EC0-301F-11D3-BF4B-00C04F79EFBC}") = "ObjectExpandClass", "ObjectExpandClass\ObjectExpandClass.csproj", "{328ECAFB-14A9-4997-BE2D-2FD12E76B41E}"
EndProject
Global
	GlobalSection(SolutionConfigurationPlatforms) = preSolution
		Debug|Any CPU = Debug|Any CPU
		Debug|x64 = Debug|x64
		Debug|x86 = Debug|x86
		Release|Any CPU = Release|Any CPU
		Release|x64 = Release|x64
		Release|x86 = Release|x86
	EndGlobalSection
	GlobalSection(ProjectConfigurationPlatforms) = postSolution
		{F0C49D3C-4A1F-4366-9E5A-327F488F1AAC}.Debug|Any CPU.ActiveCfg = Debug|Any CPU
		{F0C49D3C-4A1F-4366-9E5A-327F488F1AAC}.Debug|Any CPU.Build.0 = Debug|Any CPU
		{F0C49D3C-4A1F-4366-9E5A-327F488F1AAC}.Debug|x64.ActiveCfg = Debug|x64
		{F0C49D3C-4A1F-4366-9E5A-327F488F1AAC}.Debug|x64.Build.0 = Debug|x64
		{F0C49D3C-4A1F-4366-9E5A-327F488F1AAC}.Debug|x86.ActiveCfg = Debug|Any CPU
		{F0C49D3C-4A1F-4366-9E5A-327F488F1AAC}.Debug|x86.Build.0 = Debug|Any CPU
		{F0C49D3C-4A1F-4366-9E5A-327F488F1AAC}.Release|Any CPU.ActiveCfg = Release|Any CPU
		{F0C49D3C-4A1F-4366-9E5A-327F488F1AAC}.Release|Any CPU.Build.0 = Release|Any CPU
		{F0C49D3C-4A1F-4366-9E5A-327F488F1AAC}.Release|x64.ActiveCfg = Release|x64
		{F0C49D3C-4A1F-4366-9E5A-327F488F1AAC}.Release|x64.Build.0 = Release|x64
		{F0C49D3C-4A1F-4366-9E5A-327F488F1AAC}.Release|x86.ActiveCfg = Release|Any CPU
		{F0C49D3C-4A1F-4366-9E5A-327F488F1AAC}.Release|x86.Build.0 = Release|Any CPU
		{30C6A1B5-F360-405D-AD5E-9698EC99862E}.Debug|Any CPU.ActiveCfg = Debug|Any CPU
		{30C6A1B5-F360-405D-AD5E-9698EC99862E}.Debug|Any CPU.Build.0 = Debug|Any CPU
		{30C6A1B5-F360-405D-AD5E-9698EC99862E}.Debug|x64.ActiveCfg = Debug|x64
		{30C6A1B5-F360-405D-AD5E-9698EC99862E}.Debug|x64.Build.0 = Debug|x64
		{30C6A1B5-F360-405D-AD5E-9698EC99862E}.Debug|x86.ActiveCfg = Debug|Any CPU
		{30C6A1B5-F360-405D-AD5E-9698EC99862E}.Debug|x86.Build.0 = Debug|Any CPU
		{30C6A1B5-F360-405D-AD5E-9698EC99862E}.Release|Any CPU.ActiveCfg = Release|Any CPU
		{30C6A1B5-F360-405D-AD5E-9698EC99862E}.Release|Any CPU.Build.0 = Release|Any CPU
		{30C6A1B5-F360-405D-AD5E-9698EC99862E}.Release|x64.ActiveCfg = Release|x64
		{30C6A1B5-F360-405D-AD5E-9698EC99862E}.Release|x64.Build.0 = Release|x64
		{30C6A1B5-F360-405D-AD5E-9698EC99862E}.Release|x86.ActiveCfg = Release|Any CPU
		{30C6A1B5-F360-405D-AD5E-9698EC99862E}.Release|x86.Build.0 = Release|Any CPU
		{E5A705FA-55BF-405B-A3FF-56ECEA295DFF}.Debug|Any CPU.ActiveCfg = Debug|Any CPU
		{E5A705FA-55BF-405B-A3FF-56ECEA295DFF}.Debug|Any CPU.Build.0 = Debug|Any CPU
		{E5A705FA-55BF-405B-A3FF-56ECEA295DFF}.Debug|x64.ActiveCfg = Debug|x64
		{E5A705FA-55BF-405B-A3FF-56ECEA295DFF}.Debug|x64.Build.0 = Debug|x64
		{E5A705FA-55BF-405B-A3FF-56ECEA295DFF}.Debug|x86.ActiveCfg = Debug|Any CPU
		{E5A705FA-55BF-405B-A3FF-56ECEA295DFF}.Debug|x86.Build.0 = Debug|Any CPU
		{E5A705FA-55BF-405B-A3FF-56ECEA295DFF}.Release|Any CPU.ActiveCfg = Release|Any CPU
		{E5A705FA-55BF-405B-A3FF-56ECEA295DFF}.Release|Any CPU.Build.0 = Release|Any CPU
		{E5A705FA-55BF-405B-A3FF-56ECEA295DFF}.Release|x64.ActiveCfg = Release|x64
		{E5A705FA-55BF-405B-A3FF-56ECEA295DFF}.Release|x64.Build.0 = Release|x64
		{E5A705FA-55BF-405B-A3FF-56ECEA295DFF}.Release|x86.ActiveCfg = Release|Any CPU
		{E5A705FA-55BF-405B-A3FF-56ECEA295DFF}.Release|x86.Build.0 = Release|Any CPU
		{690EEF8E-3646-4A0E-96DA-5782361C4BCF}.Debug|Any CPU.ActiveCfg = Debug|Any CPU
		{690EEF8E-3646-4A0E-96DA-5782361C4BCF}.Debug|Any CPU.Build.0 = Debug|Any CPU
		{690EEF8E-3646-4A0E-96DA-5782361C4BCF}.Debug|x64.ActiveCfg = Debug|x64
		{690EEF8E-3646-4A0E-96DA-5782361C4BCF}.Debug|x64.Build.0 = Debug|x64
		{690EEF8E-3646-4A0E-96DA-5782361C4BCF}.Debug|x86.ActiveCfg = Debug|Any CPU
		{690EEF8E-3646-4A0E-96DA-5782361C4BCF}.Debug|x86.Build.0 = Debug|Any CPU
		{690EEF8E-3646-4A0E-96DA-5782361C4BCF}.Release|Any CPU.ActiveCfg = Release|Any CPU
		{690EEF8E-3646-4A0E-96DA-5782361C4BCF}.Release|Any CPU.Build.0 = Release|Any CPU
		{690EEF8E-3646-4A0E-96DA-5782361C4BCF}.Release|x64.ActiveCfg = Release|x64
		{690EEF8E-3646-4A0E-96DA-5782361C4BCF}.Release|x64.Build.0 = Release|x64
		{690EEF8E-3646-4A0E-96DA-5782361C4BCF}.Release|x86.ActiveCfg = Release|Any CPU
		{690EEF8E-3646-4A0E-96DA-5782361C4BCF}.Release|x86.Build.0 = Release|Any CPU
		{F47B3E4F-DA46-43B2-A50C-63EC9BDA60DA}.Debug|Any CPU.ActiveCfg = Debug|Any CPU
		{F47B3E4F-DA46-43B2-A50C-63EC9BDA60DA}.Debug|Any CPU.Build.0 = Debug|Any CPU
		{F47B3E4F-DA46-43B2-A50C-63EC9BDA60DA}.Debug|x64.ActiveCfg = Debug|x64
		{F47B3E4F-DA46-43B2-A50C-63EC9BDA60DA}.Debug|x64.Build.0 = Debug|x64
		{F47B3E4F-DA46-43B2-A50C-63EC9BDA60DA}.Debug|x86.ActiveCfg = Debug|Any CPU
		{F47B3E4F-DA46-43B2-A50C-63EC9BDA60DA}.Debug|x86.Build.0 = Debug|Any CPU
		{F47B3E4F-DA46-43B2-A50C-63EC9BDA60DA}.Release|Any CPU.ActiveCfg = Release|Any CPU
		{F47B3E4F-DA46-43B2-A50C-63EC9BDA60DA}.Release|Any CPU.Build.0 = Release|Any CPU
		{F47B3E4F-DA46-43B2-A50C-63EC9BDA60DA}.Release|x64.ActiveCfg = Release|x64
		{F47B3E4F-DA46-43B2-A50C-63EC9BDA60DA}.Release|x64.Build.0 = Release|x64
		{F47B3E4F-DA46-43B2-A50C-63EC9BDA60DA}.Release|x86.ActiveCfg = Release|Any CPU
		{F47B3E4F-DA46-43B2-A50C-63EC9BDA60DA}.Release|x86.Build.0 = Release|Any CPU
		{C60504CA-2EE4-4004-92E0-75A0A057EBB6}.Debug|Any CPU.ActiveCfg = Debug|Any CPU
		{C60504CA-2EE4-4004-92E0-75A0A057EBB6}.Debug|Any CPU.Build.0 = Debug|Any CPU
		{C60504CA-2EE4-4004-92E0-75A0A057EBB6}.Debug|x64.ActiveCfg = Debug|x64
		{C60504CA-2EE4-4004-92E0-75A0A057EBB6}.Debug|x64.Build.0 = Debug|x64
		{C60504CA-2EE4-4004-92E0-75A0A057EBB6}.Debug|x86.ActiveCfg = Debug|Any CPU
		{C60504CA-2EE4-4004-92E0-75A0A057EBB6}.Debug|x86.Build.0 = Debug|Any CPU
		{C60504CA-2EE4-4004-92E0-75A0A057EBB6}.Release|Any CPU.ActiveCfg = Release|Any CPU
		{C60504CA-2EE4-4004-92E0-75A0A057EBB6}.Release|Any CPU.Build.0 = Release|Any CPU
		{C60504CA-2EE4-4004-92E0-75A0A057EBB6}.Release|x64.ActiveCfg = Release|x64
		{C60504CA-2EE4-4004-92E0-75A0A057EBB6}.Release|x64.Build.0 = Release|x64
		{C60504CA-2EE4-4004-92E0-75A0A057EBB6}.Release|x86.ActiveCfg = Release|Any CPU
		{C60504CA-2EE4-4004-92E0-75A0A057EBB6}.Release|x86.Build.0 = Release|Any CPU
		{8EB683C9-C0B3-4368-A848-8CDCC9BD8FCB}.Debug|Any CPU.ActiveCfg = Debug|Any CPU
		{8EB683C9-C0B3-4368-A848-8CDCC9BD8FCB}.Debug|Any CPU.Build.0 = Debug|Any CPU
		{8EB683C9-C0B3-4368-A848-8CDCC9BD8FCB}.Debug|x64.ActiveCfg = Debug|Any CPU
		{8EB683C9-C0B3-4368-A848-8CDCC9BD8FCB}.Debug|x64.Build.0 = Debug|Any CPU
		{8EB683C9-C0B3-4368-A848-8CDCC9BD8FCB}.Debug|x86.ActiveCfg = Debug|Any CPU
		{8EB683C9-C0B3-4368-A848-8CDCC9BD8FCB}.Debug|x86.Build.0 = Debug|Any CPU
		{8EB683C9-C0B3-4368-A848-8CDCC9BD8FCB}.Release|Any CPU.ActiveCfg = Release|Any CPU
		{8EB683C9-C0B3-4368-A848-8CDCC9BD8FCB}.Release|Any CPU.Build.0 = Release|Any CPU
		{8EB683C9-C0B3-4368-A848-8CDCC9BD8FCB}.Release|x64.ActiveCfg = Release|Any CPU
		{8EB683C9-C0B3-4368-A848-8CDCC9BD8FCB}.Release|x64.Build.0 = Release|Any CPU
		{8EB683C9-C0B3-4368-A848-8CDCC9BD8FCB}.Release|x86.ActiveCfg = Release|Any CPU
		{8EB683C9-C0B3-4368-A848-8CDCC9BD8FCB}.Release|x86.Build.0 = Release|Any CPU
		{C5193414-B1AD-437D-81B2-11A1D98974AD}.Debug|Any CPU.ActiveCfg = Debug|Any CPU
		{C5193414-B1AD-437D-81B2-11A1D98974AD}.Debug|Any CPU.Build.0 = Debug|Any CPU
		{C5193414-B1AD-437D-81B2-11A1D98974AD}.Debug|x64.ActiveCfg = Debug|Any CPU
		{C5193414-B1AD-437D-81B2-11A1D98974AD}.Debug|x64.Build.0 = Debug|Any CPU
		{C5193414-B1AD-437D-81B2-11A1D98974AD}.Debug|x86.ActiveCfg = Debug|Any CPU
		{C5193414-B1AD-437D-81B2-11A1D98974AD}.Debug|x86.Build.0 = Debug|Any CPU
		{C5193414-B1AD-437D-81B2-11A1D98974AD}.Release|Any CPU.ActiveCfg = Release|Any CPU
		{C5193414-B1AD-437D-81B2-11A1D98974AD}.Release|Any CPU.Build.0 = Release|Any CPU
		{C5193414-B1AD-437D-81B2-11A1D98974AD}.Release|x64.ActiveCfg = Release|Any CPU
		{C5193414-B1AD-437D-81B2-11A1D98974AD}.Release|x64.Build.0 = Release|Any CPU
		{C5193414-B1AD-437D-81B2-11A1D98974AD}.Release|x86.ActiveCfg = Release|Any CPU
		{C5193414-B1AD-437D-81B2-11A1D98974AD}.Release|x86.Build.0 = Release|Any CPU
		{A4DD19FF-5D31-4DD3-B1C6-0596B294C666}.Debug|Any CPU.ActiveCfg = Debug|Any CPU
		{A4DD19FF-5D31-4DD3-B1C6-0596B294C666}.Debug|Any CPU.Build.0 = Debug|Any CPU
		{A4DD19FF-5D31-4DD3-B1C6-0596B294C666}.Debug|x64.ActiveCfg = Debug|Any CPU
		{A4DD19FF-5D31-4DD3-B1C6-0596B294C666}.Debug|x64.Build.0 = Debug|Any CPU
		{A4DD19FF-5D31-4DD3-B1C6-0596B294C666}.Debug|x86.ActiveCfg = Debug|Any CPU
		{A4DD19FF-5D31-4DD3-B1C6-0596B294C666}.Debug|x86.Build.0 = Debug|Any CPU
		{A4DD19FF-5D31-4DD3-B1C6-0596B294C666}.Release|Any CPU.ActiveCfg = Release|Any CPU
		{A4DD19FF-5D31-4DD3-B1C6-0596B294C666}.Release|Any CPU.Build.0 = Release|Any CPU
		{A4DD19FF-5D31-4DD3-B1C6-0596B294C666}.Release|x64.ActiveCfg = Release|Any CPU
		{A4DD19FF-5D31-4DD3-B1C6-0596B294C666}.Release|x64.Build.0 = Release|Any CPU
		{A4DD19FF-5D31-4DD3-B1C6-0596B294C666}.Release|x86.ActiveCfg = Release|Any CPU
		{A4DD19FF-5D31-4DD3-B1C6-0596B294C666}.Release|x86.Build.0 = Release|Any CPU
		{9409C49C-3C08-4FE3-96AE-1D18858D093B}.Debug|Any CPU.ActiveCfg = Debug|Any CPU
		{9409C49C-3C08-4FE3-96AE-1D18858D093B}.Debug|Any CPU.Build.0 = Debug|Any CPU
		{9409C49C-3C08-4FE3-96AE-1D18858D093B}.Debug|x64.ActiveCfg = Debug|Any CPU
		{9409C49C-3C08-4FE3-96AE-1D18858D093B}.Debug|x64.Build.0 = Debug|Any CPU
		{9409C49C-3C08-4FE3-96AE-1D18858D093B}.Debug|x86.ActiveCfg = Debug|Any CPU
		{9409C49C-3C08-4FE3-96AE-1D18858D093B}.Debug|x86.Build.0 = Debug|Any CPU
		{9409C49C-3C08-4FE3-96AE-1D18858D093B}.Release|Any CPU.ActiveCfg = Release|Any CPU
		{9409C49C-3C08-4FE3-96AE-1D18858D093B}.Release|Any CPU.Build.0 = Release|Any CPU
		{9409C49C-3C08-4FE3-96AE-1D18858D093B}.Release|x64.ActiveCfg = Release|Any CPU
		{9409C49C-3C08-4FE3-96AE-1D18858D093B}.Release|x64.Build.0 = Release|Any CPU
		{9409C49C-3C08-4FE3-96AE-1D18858D093B}.Release|x86.ActiveCfg = Release|Any CPU
		{9409C49C-3C08-4FE3-96AE-1D18858D093B}.Release|x86.Build.0 = Release|Any CPU
		{C82ACB7F-3D1E-498B-AB9B-A21896B6DCC6}.Debug|Any CPU.ActiveCfg = Debug|Any CPU
		{C82ACB7F-3D1E-498B-AB9B-A21896B6DCC6}.Debug|Any CPU.Build.0 = Debug|Any CPU
		{C82ACB7F-3D1E-498B-AB9B-A21896B6DCC6}.Debug|x64.ActiveCfg = Debug|Any CPU
		{C82ACB7F-3D1E-498B-AB9B-A21896B6DCC6}.Debug|x64.Build.0 = Debug|Any CPU
		{C82ACB7F-3D1E-498B-AB9B-A21896B6DCC6}.Debug|x86.ActiveCfg = Debug|Any CPU
		{C82ACB7F-3D1E-498B-AB9B-A21896B6DCC6}.Debug|x86.Build.0 = Debug|Any CPU
		{C82ACB7F-3D1E-498B-AB9B-A21896B6DCC6}.Release|Any CPU.ActiveCfg = Release|Any CPU
		{C82ACB7F-3D1E-498B-AB9B-A21896B6DCC6}.Release|Any CPU.Build.0 = Release|Any CPU
		{C82ACB7F-3D1E-498B-AB9B-A21896B6DCC6}.Release|x64.ActiveCfg = Release|Any CPU
		{C82ACB7F-3D1E-498B-AB9B-A21896B6DCC6}.Release|x64.Build.0 = Release|Any CPU
		{C82ACB7F-3D1E-498B-AB9B-A21896B6DCC6}.Release|x86.ActiveCfg = Release|Any CPU
		{C82ACB7F-3D1E-498B-AB9B-A21896B6DCC6}.Release|x86.Build.0 = Release|Any CPU
		{06703813-69A4-40A3-8E07-B97943D8EAF0}.Debug|Any CPU.ActiveCfg = Debug|Any CPU
		{06703813-69A4-40A3-8E07-B97943D8EAF0}.Debug|Any CPU.Build.0 = Debug|Any CPU
		{06703813-69A4-40A3-8E07-B97943D8EAF0}.Debug|x64.ActiveCfg = Debug|Any CPU
		{06703813-69A4-40A3-8E07-B97943D8EAF0}.Debug|x64.Build.0 = Debug|Any CPU
		{06703813-69A4-40A3-8E07-B97943D8EAF0}.Debug|x86.ActiveCfg = Debug|Any CPU
		{06703813-69A4-40A3-8E07-B97943D8EAF0}.Debug|x86.Build.0 = Debug|Any CPU
		{06703813-69A4-40A3-8E07-B97943D8EAF0}.Release|Any CPU.ActiveCfg = Release|Any CPU
		{06703813-69A4-40A3-8E07-B97943D8EAF0}.Release|Any CPU.Build.0 = Release|Any CPU
		{06703813-69A4-40A3-8E07-B97943D8EAF0}.Release|x64.ActiveCfg = Release|Any CPU
		{06703813-69A4-40A3-8E07-B97943D8EAF0}.Release|x64.Build.0 = Release|Any CPU
		{06703813-69A4-40A3-8E07-B97943D8EAF0}.Release|x86.ActiveCfg = Release|Any CPU
		{06703813-69A4-40A3-8E07-B97943D8EAF0}.Release|x86.Build.0 = Release|Any CPU
		{456D0ACB-96F3-4FAA-9BDF-BA793629A864}.Debug|Any CPU.ActiveCfg = Debug|Any CPU
		{456D0ACB-96F3-4FAA-9BDF-BA793629A864}.Debug|Any CPU.Build.0 = Debug|Any CPU
		{456D0ACB-96F3-4FAA-9BDF-BA793629A864}.Debug|x64.ActiveCfg = Debug|Any CPU
		{456D0ACB-96F3-4FAA-9BDF-BA793629A864}.Debug|x64.Build.0 = Debug|Any CPU
		{456D0ACB-96F3-4FAA-9BDF-BA793629A864}.Debug|x86.ActiveCfg = Debug|Any CPU
		{456D0ACB-96F3-4FAA-9BDF-BA793629A864}.Debug|x86.Build.0 = Debug|Any CPU
		{456D0ACB-96F3-4FAA-9BDF-BA793629A864}.Release|Any CPU.ActiveCfg = Release|Any CPU
		{456D0ACB-96F3-4FAA-9BDF-BA793629A864}.Release|Any CPU.Build.0 = Release|Any CPU
		{456D0ACB-96F3-4FAA-9BDF-BA793629A864}.Release|x64.ActiveCfg = Release|Any CPU
		{456D0ACB-96F3-4FAA-9BDF-BA793629A864}.Release|x64.Build.0 = Release|Any CPU
		{456D0ACB-96F3-4FAA-9BDF-BA793629A864}.Release|x86.ActiveCfg = Release|Any CPU
		{456D0ACB-96F3-4FAA-9BDF-BA793629A864}.Release|x86.Build.0 = Release|Any CPU
		{328ECAFB-14A9-4997-BE2D-2FD12E76B41E}.Debug|Any CPU.ActiveCfg = Debug|Any CPU
		{328ECAFB-14A9-4997-BE2D-2FD12E76B41E}.Debug|Any CPU.Build.0 = Debug|Any CPU
		{328ECAFB-14A9-4997-BE2D-2FD12E76B41E}.Debug|x64.ActiveCfg = Debug|Any CPU
		{328ECAFB-14A9-4997-BE2D-2FD12E76B41E}.Debug|x64.Build.0 = Debug|Any CPU
		{328ECAFB-14A9-4997-BE2D-2FD12E76B41E}.Debug|x86.ActiveCfg = Debug|Any CPU
		{328ECAFB-14A9-4997-BE2D-2FD12E76B41E}.Debug|x86.Build.0 = Debug|Any CPU
		{328ECAFB-14A9-4997-BE2D-2FD12E76B41E}.Release|Any CPU.ActiveCfg = Release|Any CPU
		{328ECAFB-14A9-4997-BE2D-2FD12E76B41E}.Release|Any CPU.Build.0 = Release|Any CPU
		{328ECAFB-14A9-4997-BE2D-2FD12E76B41E}.Release|x64.ActiveCfg = Release|Any CPU
		{328ECAFB-14A9-4997-BE2D-2FD12E76B41E}.Release|x64.Build.0 = Release|Any CPU
		{328ECAFB-14A9-4997-BE2D-2FD12E76B41E}.Release|x86.ActiveCfg = Release|Any CPU
		{328ECAFB-14A9-4997-BE2D-2FD12E76B41E}.Release|x86.Build.0 = Release|Any CPU
	EndGlobalSection
	GlobalSection(SolutionProperties) = preSolution
		HideSolutionNode = FALSE
	EndGlobalSection
	GlobalSection(ExtensibilityGlobals) = postSolution
		SolutionGuid = {95CB8C46-895A-4457-A2BF-A6102E08280A}
	EndGlobalSection
EndGlobal
